{
  "lockfile_version": "1",
  "packages": {
    "btop@latest": {
      "last_modified": "2025-02-07T11:26:36Z",
      "resolved": "github:NixOS/nixpkgs/d98abf5cf5914e5e4e9d57205e3af55ca90ffc1d#btop",
      "source": "devbox-search",
      "version": "1.4.0",
      "systems": {
        "aarch64-darwin": {
          "outputs": [
            {
              "name": "out",
              "path": "/nix/store/w1ka5llp7vd92bwic4s865hzzzlv9n41-btop-1.4.0",
              "default": true
            }
          ],
          "store_path": "/nix/store/w1ka5llp7vd92bwic4s865hzzzlv9n41-btop-1.4.0"
        },
        "aarch64-linux": {
          "outputs": [
            {
              "name": "out",
              "path": "/nix/store/syqm33j7bh48ippnkwfjgyalawj31pb4-btop-1.4.0",
              "default": true
            }
          ],
          "store_path": "/nix/store/syqm33j7bh48ippnkwfjgyalawj31pb4-btop-1.4.0"
        },
        "x86_64-darwin": {
          "outputs": [
            {
              "name": "out",
              "path": "/nix/store/rm9r87sccddm6cjn5i7m4chg1iy7zi1g-btop-1.4.0",
              "default": true
            }
          ],
          "store_path": "/nix/store/rm9r87sccddm6cjn5i7m4chg1iy7zi1g-btop-1.4.0"
        },
        "x86_64-linux": {
          "outputs": [
            {
              "name": "out",
              "path": "/nix/store/q9ppn31f9kcis9fwjn4kv9in0fyy2b49-btop-1.4.0",
              "default": true
            }
          ],
          "store_path": "/nix/store/q9ppn31f9kcis9fwjn4kv9in0fyy2b49-btop-1.4.0"
        }
      }
    },
    "bun@latest": {
      "last_modified": "2025-02-02T17:30:19Z",
      "resolved": "github:NixOS/nixpkgs/8532db2a88ba56de9188af72134d93e39fd825f3#bun",
      "source": "devbox-search",
      "version": "1.2.2",
      "systems": {
        "aarch64-darwin": {
          "outputs": [
            {
              "name": "out",
              "path": "/nix/store/zfcpibckybddvxmc8l1z70644lmln9ql-bun-1.2.2",
              "default": true
            }
          ],
          "store_path": "/nix/store/zfcpibckybddvxmc8l1z70644lmln9ql-bun-1.2.2"
        },
        "aarch64-linux": {
          "outputs": [
            {
              "name": "out",
              "path": "/nix/store/cq09szfdxdn3qyqbaazpax0kv8fkhf98-bun-1.2.2",
              "default": true
            }
          ],
          "store_path": "/nix/store/cq09szfdxdn3qyqbaazpax0kv8fkhf98-bun-1.2.2"
        },
        "x86_64-darwin": {
          "outputs": [
            {
              "name": "out",
              "path": "/nix/store/vdx6qm7m6zpqz2nbzry9gwdgj9j75l8w-bun-1.2.2",
              "default": true
            }
          ],
          "store_path": "/nix/store/vdx6qm7m6zpqz2nbzry9gwdgj9j75l8w-bun-1.2.2"
        },
        "x86_64-linux": {
          "outputs": [
            {
              "name": "out",
              "path": "/nix/store/nx66dlvda541k1lpfy858whqzyfmbx5z-bun-1.2.2",
              "default": true
            }
          ],
          "store_path": "/nix/store/nx66dlvda541k1lpfy858whqzyfmbx5z-bun-1.2.2"
        }
      }
    },
    "cargo@latest": {
      "last_modified": "2025-02-07T11:26:36Z",
      "resolved": "github:NixOS/nixpkgs/d98abf5cf5914e5e4e9d57205e3af55ca90ffc1d#cargo",
      "source": "devbox-search",
      "version": "1.84.0",
      "systems": {
        "aarch64-darwin": {
          "outputs": [
            {
              "name": "out",
              "path": "/nix/store/f6ffl4j307l0yvk7mywbsf59gmrkn7pc-cargo-1.84.0",
              "default": true
            }
          ],
          "store_path": "/nix/store/f6ffl4j307l0yvk7mywbsf59gmrkn7pc-cargo-1.84.0"
        },
        "aarch64-linux": {
          "outputs": [
            {
              "name": "out",
              "path": "/nix/store/svw4q7s6sn5iisvc3r14i6hkx819ypg2-cargo-1.84.0",
              "default": true
            }
          ],
          "store_path": "/nix/store/svw4q7s6sn5iisvc3r14i6hkx819ypg2-cargo-1.84.0"
        },
        "x86_64-darwin": {
          "outputs": [
            {
              "name": "out",
              "path": "/nix/store/7nbcrxfxcpsapbbjh9gkapaz5n7llwcx-cargo-1.84.0",
              "default": true
            }
          ],
          "store_path": "/nix/store/7nbcrxfxcpsapbbjh9gkapaz5n7llwcx-cargo-1.84.0"
        },
        "x86_64-linux": {
          "outputs": [
            {
              "name": "out",
              "path": "/nix/store/q01clim33r4zdcmmdymmzz6icalpx00s-cargo-1.84.0",
              "default": true
            }
          ],
          "store_path": "/nix/store/q01clim33r4zdcmmdymmzz6icalpx00s-cargo-1.84.0"
        }
      }
    },
    "clang@latest": {
      "last_modified": "2025-02-07T11:26:36Z",
      "resolved": "github:NixOS/nixpkgs/d98abf5cf5914e5e4e9d57205e3af55ca90ffc1d#clang",
      "source": "devbox-search",
      "version": "19.1.7",
      "systems": {
        "aarch64-darwin": {
          "outputs": [
            {
              "name": "out",
              "path": "/nix/store/d32x2hd64mhi6mrngr3690pf9g5lrqi3-clang-wrapper-19.1.7",
              "default": true
            }
          ],
          "store_path": "/nix/store/d32x2hd64mhi6mrngr3690pf9g5lrqi3-clang-wrapper-19.1.7"
        },
        "aarch64-linux": {
          "outputs": [
            {
              "name": "out",
              "path": "/nix/store/772rjqgwyqzwivlsxsbfaakk6pvf11ja-clang-wrapper-19.1.7",
              "default": true
            }
          ],
          "store_path": "/nix/store/772rjqgwyqzwivlsxsbfaakk6pvf11ja-clang-wrapper-19.1.7"
        },
        "x86_64-darwin": {
          "outputs": [
            {
              "name": "out",
              "path": "/nix/store/xpz4h24nbriscfjb2hmb1zfqg9fyh6sv-clang-wrapper-19.1.7",
              "default": true
            }
          ],
          "store_path": "/nix/store/xpz4h24nbriscfjb2hmb1zfqg9fyh6sv-clang-wrapper-19.1.7"
        },
        "x86_64-linux": {
          "outputs": [
            {
              "name": "out",
              "path": "/nix/store/6mh0h1xagzzsb5m8blxsx8zqxsgi1p5y-clang-wrapper-19.1.7",
              "default": true
            }
          ],
          "store_path": "/nix/store/6mh0h1xagzzsb5m8blxsx8zqxsgi1p5y-clang-wrapper-19.1.7"
        }
      }
    },
    "cmatrix@latest": {
      "last_modified": "2025-01-19T08:16:51Z",
      "resolved": "github:NixOS/nixpkgs/50165c4f7eb48ce82bd063e1fb8047a0f515f8ce#cmatrix",
      "source": "devbox-search",
      "version": "2.0",
      "systems": {
        "aarch64-darwin": {
          "outputs": [
            {
              "name": "out",
              "path": "/nix/store/m7ddvq5clq8xjd65bi22k9n99717q51n-cmatrix-2.0",
              "default": true
            }
          ],
          "store_path": "/nix/store/m7ddvq5clq8xjd65bi22k9n99717q51n-cmatrix-2.0"
        },
        "aarch64-linux": {
          "outputs": [
            {
              "name": "out",
              "path": "/nix/store/6n4wz99dgcl5ibnys5cpn7wps7qay20f-cmatrix-2.0",
              "default": true
            }
          ],
          "store_path": "/nix/store/6n4wz99dgcl5ibnys5cpn7wps7qay20f-cmatrix-2.0"
        },
        "x86_64-darwin": {
          "outputs": [
            {
              "name": "out",
              "path": "/nix/store/wnkdvdfwifny8vwxn4780022d0406na1-cmatrix-2.0",
              "default": true
            }
          ],
          "store_path": "/nix/store/wnkdvdfwifny8vwxn4780022d0406na1-cmatrix-2.0"
        },
        "x86_64-linux": {
          "outputs": [
            {
              "name": "out",
              "path": "/nix/store/6p3ix8nv50gaih009vq7fbhhhn35qgja-cmatrix-2.0",
              "default": true
            }
          ],
          "store_path": "/nix/store/6p3ix8nv50gaih009vq7fbhhhn35qgja-cmatrix-2.0"
        }
      }
    },
    "deno@latest": {
      "last_modified": "2025-02-01T15:12:02Z",
      "resolved": "github:NixOS/nixpkgs/102a39bfee444533e6b4e8611d7e92aa39b7bec1#deno",
      "source": "devbox-search",
      "version": "2.1.9",
      "systems": {
        "aarch64-darwin": {
          "outputs": [
            {
              "name": "out",
              "path": "/nix/store/77fw2fcrjn87461xb4kdg5l7gchqb982-deno-2.1.9",
              "default": true
            }
          ],
          "store_path": "/nix/store/77fw2fcrjn87461xb4kdg5l7gchqb982-deno-2.1.9"
        },
        "aarch64-linux": {
          "outputs": [
            {
              "name": "out",
              "path": "/nix/store/k63dzrvqafv692yq851x6gyrrflcpka2-deno-2.1.9",
              "default": true
            }
          ],
          "store_path": "/nix/store/k63dzrvqafv692yq851x6gyrrflcpka2-deno-2.1.9"
        },
        "x86_64-darwin": {
          "outputs": [
            {
              "name": "out",
              "path": "/nix/store/sgx9ya6y3ik49sdwh8fam36i5ixkzw1q-deno-2.1.9",
              "default": true
            }
          ],
          "store_path": "/nix/store/sgx9ya6y3ik49sdwh8fam36i5ixkzw1q-deno-2.1.9"
        },
        "x86_64-linux": {
          "outputs": [
            {
              "name": "out",
              "path": "/nix/store/4zvrgaqj384skzf20vpmsym1smrcjqwc-deno-2.1.9",
              "default": true
            }
          ],
          "store_path": "/nix/store/4zvrgaqj384skzf20vpmsym1smrcjqwc-deno-2.1.9"
        }
      }
    },
    "fish@latest": {
      "last_modified": "2025-01-19T08:16:51Z",
      "resolved": "github:NixOS/nixpkgs/50165c4f7eb48ce82bd063e1fb8047a0f515f8ce#fish",
      "source": "devbox-search",
      "version": "3.7.1",
      "systems": {
        "aarch64-darwin": {
          "outputs": [
            {
              "name": "out",
              "path": "/nix/store/dsxx1ihv1dxi0ip377c2jcyz9kn144kd-fish-3.7.1",
              "default": true
            },
            {
              "name": "doc",
              "path": "/nix/store/36cglfc1qq6qrw419125gqcwz1vnqbwr-fish-3.7.1-doc"
            }
          ],
          "store_path": "/nix/store/dsxx1ihv1dxi0ip377c2jcyz9kn144kd-fish-3.7.1"
        },
        "aarch64-linux": {
          "outputs": [
            {
              "name": "out",
              "path": "/nix/store/b4q0i1as7d9ymjc8cap8fl6rmw4jkzl9-fish-3.7.1",
              "default": true
            },
            {
              "name": "doc",
              "path": "/nix/store/gpmadv6ldsq9f03gwlqxmp6f71a3x45c-fish-3.7.1-doc"
            }
          ],
          "store_path": "/nix/store/b4q0i1as7d9ymjc8cap8fl6rmw4jkzl9-fish-3.7.1"
        },
        "x86_64-darwin": {
          "outputs": [
            {
              "name": "out",
              "path": "/nix/store/xq4kpcxkh5wmdjyyqiad6bxxlbmlvd0b-fish-3.7.1",
              "default": true
            },
            {
              "name": "doc",
              "path": "/nix/store/2zzgxza4fq45x296dphwqnd87c6wc7xa-fish-3.7.1-doc"
            }
          ],
          "store_path": "/nix/store/xq4kpcxkh5wmdjyyqiad6bxxlbmlvd0b-fish-3.7.1"
        },
        "x86_64-linux": {
          "outputs": [
            {
              "name": "out",
              "path": "/nix/store/1ihhq4q0ns4jc4fhhi98ccx5y25zrrr5-fish-3.7.1",
              "default": true
            },
            {
              "name": "doc",
              "path": "/nix/store/52snjs1933rl8cxxnhwrmm81rl14g87q-fish-3.7.1-doc"
            }
          ],
          "store_path": "/nix/store/1ihhq4q0ns4jc4fhhi98ccx5y25zrrr5-fish-3.7.1"
        }
      }
    },
    "github:NixOS/nixpkgs/nixpkgs-unstable": {
      "resolved": "github:NixOS/nixpkgs/2d068ae5c6516b2d04562de50a58c682540de9bf?lastModified=1740303746&narHash=sha256-XcdiWLEhjJkMxDLKQJ0CCivmYYCvA5MDxu9pMybM5kM%3D"
    },
    "htop@latest": {
      "last_modified": "2025-01-19T08:16:51Z",
      "resolved": "github:NixOS/nixpkgs/50165c4f7eb48ce82bd063e1fb8047a0f515f8ce#htop",
      "source": "devbox-search",
      "version": "3.3.0",
      "systems": {
        "aarch64-darwin": {
          "outputs": [
            {
              "name": "out",
              "path": "/nix/store/2b3pm92abbwk3zz13qlmdc3xv8g2jp2c-htop-3.3.0",
              "default": true
            }
          ],
          "store_path": "/nix/store/2b3pm92abbwk3zz13qlmdc3xv8g2jp2c-htop-3.3.0"
        },
        "aarch64-linux": {
          "outputs": [
            {
              "name": "out",
              "path": "/nix/store/9y14wcvb8w26810skdbs9zpibd403j2p-htop-3.3.0",
              "default": true
            }
          ],
          "store_path": "/nix/store/9y14wcvb8w26810skdbs9zpibd403j2p-htop-3.3.0"
        },
        "x86_64-darwin": {
          "outputs": [
            {
              "name": "out",
              "path": "/nix/store/ax2g5l7lbgjcf399apyfy986cb584svc-htop-3.3.0",
              "default": true
            }
          ],
          "store_path": "/nix/store/ax2g5l7lbgjcf399apyfy986cb584svc-htop-3.3.0"
        },
        "x86_64-linux": {
          "outputs": [
            {
              "name": "out",
              "path": "/nix/store/ibjn1vysg7vz3vr5d2mdi10s8y8ziy6x-htop-3.3.0",
              "default": true
            }
          ],
          "store_path": "/nix/store/ibjn1vysg7vz3vr5d2mdi10s8y8ziy6x-htop-3.3.0"
        }
      }
    },
    "jujutsu@latest": {
      "last_modified": "2025-02-07T11:26:36Z",
      "resolved": "github:NixOS/nixpkgs/d98abf5cf5914e5e4e9d57205e3af55ca90ffc1d#jujutsu",
      "source": "devbox-search",
      "version": "0.26.0",
      "systems": {
        "aarch64-darwin": {
          "outputs": [
            {
              "name": "out",
              "path": "/nix/store/3ck8kaxh8219jiiwa4rg5p5hs9i7n5xk-jujutsu-0.26.0",
              "default": true
            }
          ],
          "store_path": "/nix/store/3ck8kaxh8219jiiwa4rg5p5hs9i7n5xk-jujutsu-0.26.0"
        },
        "aarch64-linux": {
          "outputs": [
            {
              "name": "out",
              "path": "/nix/store/9x4rv8wwj1a8rj8bjryyhzaq15sali6w-jujutsu-0.26.0",
              "default": true
            }
          ],
          "store_path": "/nix/store/9x4rv8wwj1a8rj8bjryyhzaq15sali6w-jujutsu-0.26.0"
        },
        "x86_64-darwin": {
          "outputs": [
            {
              "name": "out",
              "path": "/nix/store/069a67yvzrsfkx0rawv381g18pgzlli0-jujutsu-0.26.0",
              "default": true
            }
          ],
          "store_path": "/nix/store/069a67yvzrsfkx0rawv381g18pgzlli0-jujutsu-0.26.0"
        },
        "x86_64-linux": {
          "outputs": [
            {
              "name": "out",
              "path": "/nix/store/ppw9fcqm64a67pani97kd2583xi9hhnf-jujutsu-0.26.0",
              "default": true
            }
          ],
          "store_path": "/nix/store/ppw9fcqm64a67pani97kd2583xi9hhnf-jujutsu-0.26.0"
        }
      }
    },
    "lld@latest": {
      "last_modified": "2025-02-07T11:26:36Z",
      "resolved": "github:NixOS/nixpkgs/d98abf5cf5914e5e4e9d57205e3af55ca90ffc1d#lld",
      "source": "devbox-search",
      "version": "19.1.7",
      "systems": {
        "aarch64-darwin": {
          "outputs": [
            {
              "name": "out",
              "path": "/nix/store/2zwlaqjjhfpid97ibz2lvx5cf5nlq5j0-lld-19.1.7",
              "default": true
            },
            {
              "name": "dev",
              "path": "/nix/store/vqrx0ik4y86rii16dcnwkhmhz6mab108-lld-19.1.7-dev"
            },
            {
              "name": "lib",
              "path": "/nix/store/dp74fh24k3i25b9qgw9fspfl0f8fc7s1-lld-19.1.7-lib"
            }
          ],
          "store_path": "/nix/store/2zwlaqjjhfpid97ibz2lvx5cf5nlq5j0-lld-19.1.7"
        },
        "aarch64-linux": {
          "outputs": [
            {
              "name": "out",
              "path": "/nix/store/mr3jch9iyvms26k6rkvbg859k59giyhx-lld-19.1.7",
              "default": true
            },
            {
              "name": "dev",
              "path": "/nix/store/0xnxrf9hxbzqv6hf2k9kxl7h21ygpg5g-lld-19.1.7-dev"
            },
            {
              "name": "lib",
              "path": "/nix/store/w49yllayripfqiid805003yaykrjcfvs-lld-19.1.7-lib"
            }
          ],
          "store_path": "/nix/store/mr3jch9iyvms26k6rkvbg859k59giyhx-lld-19.1.7"
        },
        "x86_64-darwin": {
          "outputs": [
            {
              "name": "out",
              "path": "/nix/store/b2k179wrzxvlf3z3i71rsgn8cxwgd303-lld-19.1.7",
              "default": true
            },
            {
              "name": "dev",
              "path": "/nix/store/7gn16xr0zgh002n7p2kmz2r8p32gx985-lld-19.1.7-dev"
            },
            {
              "name": "lib",
              "path": "/nix/store/b2qri5xb8ww2nhgd425a7sn14nm9jrx9-lld-19.1.7-lib"
            }
          ],
          "store_path": "/nix/store/b2k179wrzxvlf3z3i71rsgn8cxwgd303-lld-19.1.7"
        },
        "x86_64-linux": {
          "outputs": [
            {
              "name": "out",
              "path": "/nix/store/lpakw0c9hmc8cq2fcz5zrmyx4kb8vjhh-lld-19.1.7",
              "default": true
            },
            {
              "name": "dev",
              "path": "/nix/store/qncp5zqmgasshn9b20sa2cy1ryjr5naw-lld-19.1.7-dev"
            },
            {
              "name": "lib",
              "path": "/nix/store/irfx37x29wgbwyc925wa5ivhx8p8n0in-lld-19.1.7-lib"
            }
          ],
          "store_path": "/nix/store/lpakw0c9hmc8cq2fcz5zrmyx4kb8vjhh-lld-19.1.7"
        }
      }
    },
    "nodejs@latest": {
      "last_modified": "2025-02-07T11:26:36Z",
      "plugin_version": "0.0.2",
      "resolved": "github:NixOS/nixpkgs/d98abf5cf5914e5e4e9d57205e3af55ca90ffc1d#nodejs_23",
      "source": "devbox-search",
      "version": "23.7.0",
      "systems": {
        "aarch64-darwin": {
          "outputs": [
            {
              "name": "out",
              "path": "/nix/store/arnrjx5pv8fdm435y0yy5yd9npsx9f4h-nodejs-23.7.0",
              "default": true
            },
            {
              "name": "libv8",
              "path": "/nix/store/shrd4h6v2h506rzz030yh55nll9ciw9z-nodejs-23.7.0-libv8"
            }
          ],
          "store_path": "/nix/store/arnrjx5pv8fdm435y0yy5yd9npsx9f4h-nodejs-23.7.0"
        },
        "aarch64-linux": {
          "outputs": [
            {
              "name": "out",
              "path": "/nix/store/dhxnx4hx74bg6mdaqd11jjwqxzi8mkzw-nodejs-23.7.0",
              "default": true
            },
            {
              "name": "libv8",
              "path": "/nix/store/4a5kd7jsc4ac99acb3rs8zyhh8rz32b5-nodejs-23.7.0-libv8"
            }
          ],
          "store_path": "/nix/store/dhxnx4hx74bg6mdaqd11jjwqxzi8mkzw-nodejs-23.7.0"
        },
        "x86_64-darwin": {
          "outputs": [
            {
              "name": "out",
              "path": "/nix/store/q5hzfl9nca4xfggxwh1w94kxladr92hg-nodejs-23.7.0",
              "default": true
            },
            {
              "name": "libv8",
              "path": "/nix/store/f3c6lca6i3iwbbf683vdciq5p5ra22q2-nodejs-23.7.0-libv8"
            }
          ],
          "store_path": "/nix/store/q5hzfl9nca4xfggxwh1w94kxladr92hg-nodejs-23.7.0"
        },
        "x86_64-linux": {
          "outputs": [
            {
              "name": "out",
              "path": "/nix/store/lxmrn8kfmld567cjn6h4n5qcwdvp5ynd-nodejs-23.7.0",
              "default": true
            },
            {
              "name": "libv8",
              "path": "/nix/store/697fmkjsn1i8xwyjd2vxlbnm6g6q27yg-nodejs-23.7.0-libv8"
            }
          ],
          "store_path": "/nix/store/lxmrn8kfmld567cjn6h4n5qcwdvp5ynd-nodejs-23.7.0"
        }
      }
    },
    "uv@latest": {
      "last_modified": "2025-02-26T05:29:08Z",
      "resolved": "github:NixOS/nixpkgs/3a05eebede89661660945da1f151959900903b6a#uv",
      "source": "devbox-search",
      "version": "0.6.3",
      "systems": {
        "aarch64-darwin": {
          "outputs": [
            {
              "name": "out",
              "path": "/nix/store/ggkfphls3j4npq7ziviqabl33gly4ma4-uv-0.6.3",
              "default": true
            }
          ],
          "store_path": "/nix/store/ggkfphls3j4npq7ziviqabl33gly4ma4-uv-0.6.3"
        },
        "aarch64-linux": {
          "outputs": [
            {
              "name": "out",
              "path": "/nix/store/yzacw5z4mbbnhqyp49mj2q4bdahrzj27-uv-0.6.3",
              "default": true
            }
          ],
          "store_path": "/nix/store/yzacw5z4mbbnhqyp49mj2q4bdahrzj27-uv-0.6.3"
        },
        "x86_64-darwin": {
          "outputs": [
            {
              "name": "out",
              "path": "/nix/store/ppchmxl2vivavg3842gpqbsppj38jqw8-uv-0.6.3",
              "default": true
            }
          ],
          "store_path": "/nix/store/ppchmxl2vivavg3842gpqbsppj38jqw8-uv-0.6.3"
        },
        "x86_64-linux": {
          "outputs": [
            {
              "name": "out",
              "path": "/nix/store/7hd62phgfp42m1bvmm0c82vnmv3x0yl8-uv-0.6.3",
              "default": true
            }
          ],
          "store_path": "/nix/store/7hd62phgfp42m1bvmm0c82vnmv3x0yl8-uv-0.6.3"
        }
      }
    },
    "vim@latest": {
      "last_modified": "2025-02-07T11:26:36Z",
      "resolved": "github:NixOS/nixpkgs/d98abf5cf5914e5e4e9d57205e3af55ca90ffc1d#vim",
      "source": "devbox-search",
      "version": "9.1.1046",
      "systems": {
        "aarch64-darwin": {
          "outputs": [
            {
              "name": "out",
              "path": "/nix/store/rx2i32cjx1y09n3qr5939xxfqjpkrhsr-vim-9.1.1046",
              "default": true
            },
            {
              "name": "xxd",
              "path": "/nix/store/kbq8w3npsqgdipxc3ml57z67s0gn95yf-vim-9.1.1046-xxd",
              "default": true
            }
          ],
          "store_path": "/nix/store/rx2i32cjx1y09n3qr5939xxfqjpkrhsr-vim-9.1.1046"
        },
        "aarch64-linux": {
          "outputs": [
            {
              "name": "out",
              "path": "/nix/store/j67dghzznffvqvdg4q676ygw2pif1hw9-vim-9.1.1046",
              "default": true
            },
            {
              "name": "xxd",
              "path": "/nix/store/0jh6sz9n3hrx7rnb44fq3xngya14ds4j-vim-9.1.1046-xxd",
              "default": true
            }
          ],
          "store_path": "/nix/store/j67dghzznffvqvdg4q676ygw2pif1hw9-vim-9.1.1046"
        },
        "x86_64-darwin": {
          "outputs": [
            {
              "name": "out",
              "path": "/nix/store/n4rw363dm6mmi8zrcyzd8k0yhmnyw333-vim-9.1.1046",
              "default": true
            },
            {
              "name": "xxd",
              "path": "/nix/store/kr9p6d9ws269mq9mf0b7al60b687x862-vim-9.1.1046-xxd",
              "default": true
            }
          ],
          "store_path": "/nix/store/n4rw363dm6mmi8zrcyzd8k0yhmnyw333-vim-9.1.1046"
        },
        "x86_64-linux": {
          "outputs": [
            {
              "name": "out",
              "path": "/nix/store/91af2356mvkx4km3ngqi7sgfv6kimnc7-vim-9.1.1046",
              "default": true
            },
            {
              "name": "xxd",
              "path": "/nix/store/4n2k7vffrqzgm8pxa1a4vdky1hzfyl2d-vim-9.1.1046-xxd",
              "default": true
            }
          ],
          "store_path": "/nix/store/91af2356mvkx4km3ngqi7sgfv6kimnc7-vim-9.1.1046"
        }
      }
    },
    "zig@latest": {
      "last_modified": "2025-02-07T11:26:36Z",
      "resolved": "github:NixOS/nixpkgs/d98abf5cf5914e5e4e9d57205e3af55ca90ffc1d#zig",
      "source": "devbox-search",
      "version": "0.13.0",
      "systems": {
        "aarch64-darwin": {
          "outputs": [
            {
              "name": "out",
              "path": "/nix/store/d82ghz4hnidcnwzpj7wwsl8dkb43xqsf-zig-0.13.0",
              "default": true
            },
            {
              "name": "doc",
              "path": "/nix/store/phajgfx25agqg1093a6if0sdsxcwv66a-zig-0.13.0-doc"
            }
          ],
          "store_path": "/nix/store/d82ghz4hnidcnwzpj7wwsl8dkb43xqsf-zig-0.13.0"
        },
        "aarch64-linux": {
          "outputs": [
            {
              "name": "out",
              "path": "/nix/store/vp43nlb93rfk5jkcbs7zzm3gl88hfdn3-zig-0.13.0",
              "default": true
            },
            {
              "name": "doc",
              "path": "/nix/store/5jvlmplajzc39qkp9hqya672sn7r480f-zig-0.13.0-doc"
            }
          ],
          "store_path": "/nix/store/vp43nlb93rfk5jkcbs7zzm3gl88hfdn3-zig-0.13.0"
        },
        "x86_64-darwin": {
          "outputs": [
            {
              "name": "out",
              "path": "/nix/store/h19rp00h0ahhfygrmwfza7wxmwm4chif-zig-0.13.0",
              "default": true
            },
            {
              "name": "doc",
              "path": "/nix/store/5hsvfz4npfl7w12ggib3qa6kl6yr6z1l-zig-0.13.0-doc"
            }
          ],
          "store_path": "/nix/store/h19rp00h0ahhfygrmwfza7wxmwm4chif-zig-0.13.0"
        },
        "x86_64-linux": {
          "outputs": [
            {
              "name": "out",
              "path": "/nix/store/1l5gb4773rbqjzv49wb4h9xlmaz2zs5h-zig-0.13.0",
              "default": true
            },
            {
              "name": "doc",
              "path": "/nix/store/577rag5c5za5hmmhaynnl8mlpkdsi1x3-zig-0.13.0-doc"
            }
          ],
          "store_path": "/nix/store/1l5gb4773rbqjzv49wb4h9xlmaz2zs5h-zig-0.13.0"
        }
      }
    }
  }
}
