{
  "lockfile_version": "1",
  "packages": {
    "btop@latest": {
      "last_modified": "2025-02-07T11:26:36Z",
      "resolved": "github:NixOS/nixpkgs/d98abf5cf5914e5e4e9d57205e3af55ca90ffc1d#btop",
      "source": "devbox-search",
      "version": "1.4.0",
      "systems": {
        "aarch64-darwin": {
          "outputs": [
            {
              "name": "out",
              "path": "/nix/store/w1ka5llp7vd92bwic4s865hzzzlv9n41-btop-1.4.0",
              "default": true
            }
          ],
          "store_path": "/nix/store/w1ka5llp7vd92bwic4s865hzzzlv9n41-btop-1.4.0"
        },
        "aarch64-linux": {
          "outputs": [
            {
              "name": "out",
              "path": "/nix/store/syqm33j7bh48ippnkwfjgyalawj31pb4-btop-1.4.0",
              "default": true
            }
          ],
          "store_path": "/nix/store/syqm33j7bh48ippnkwfjgyalawj31pb4-btop-1.4.0"
        },
        "x86_64-darwin": {
          "outputs": [
            {
              "name": "out",
              "path": "/nix/store/rm9r87sccddm6cjn5i7m4chg1iy7zi1g-btop-1.4.0",
              "default": true
            }
          ],
          "store_path": "/nix/store/rm9r87sccddm6cjn5i7m4chg1iy7zi1g-btop-1.4.0"
        },
        "x86_64-linux": {
          "outputs": [
            {
              "name": "out",
              "path": "/nix/store/q9ppn31f9kcis9fwjn4kv9in0fyy2b49-btop-1.4.0",
              "default": true
            }
          ],
          "store_path": "/nix/store/q9ppn31f9kcis9fwjn4kv9in0fyy2b49-btop-1.4.0"
        }
      }
    },
    "bun@latest": {
      "last_modified": "2025-02-28T17:02:31Z",
      "resolved": "github:NixOS/nixpkgs/5954d3359cc7178623da6c7fd23dc7f7504d7187#bun",
      "source": "devbox-search",
      "version": "1.2.4",
      "systems": {
        "aarch64-darwin": {
          "outputs": [
            {
              "name": "out",
              "path": "/nix/store/6kzyrm20r3gwl4nia3iwl45m24cxvdaw-bun-1.2.4",
              "default": true
            }
          ],
          "store_path": "/nix/store/6kzyrm20r3gwl4nia3iwl45m24cxvdaw-bun-1.2.4"
        },
        "aarch64-linux": {
          "outputs": [
            {
              "name": "out",
              "path": "/nix/store/cnxl2acyh8dibflz4z766ivl85zgslgg-bun-1.2.4",
              "default": true
            }
          ],
          "store_path": "/nix/store/cnxl2acyh8dibflz4z766ivl85zgslgg-bun-1.2.4"
        },
        "x86_64-darwin": {
          "outputs": [
            {
              "name": "out",
              "path": "/nix/store/g3mrg2k9hz5pjga8j2yxj6b461ml4292-bun-1.2.4",
              "default": true
            }
          ],
          "store_path": "/nix/store/g3mrg2k9hz5pjga8j2yxj6b461ml4292-bun-1.2.4"
        },
        "x86_64-linux": {
          "outputs": [
            {
              "name": "out",
              "path": "/nix/store/m57hgjd5g1aifczwa956mxasf5mf53ni-bun-1.2.4",
              "default": true
            }
          ],
          "store_path": "/nix/store/m57hgjd5g1aifczwa956mxasf5mf53ni-bun-1.2.4"
        }
      }
    },
    "cargo@latest": {
      "last_modified": "2025-02-23T09:42:26Z",
      "resolved": "github:NixOS/nixpkgs/2d068ae5c6516b2d04562de50a58c682540de9bf#cargo",
      "source": "devbox-search",
      "version": "1.84.1",
      "systems": {
        "aarch64-darwin": {
          "outputs": [
            {
              "name": "out",
              "path": "/nix/store/0yqscqxyw0772804k8hwd0vqk8idk3pn-cargo-1.84.1",
              "default": true
            }
          ],
          "store_path": "/nix/store/0yqscqxyw0772804k8hwd0vqk8idk3pn-cargo-1.84.1"
        },
        "aarch64-linux": {
          "outputs": [
            {
              "name": "out",
              "path": "/nix/store/r8h38cilpi1sk02n3939myjz1k9id41g-cargo-1.84.1",
              "default": true
            }
          ],
          "store_path": "/nix/store/r8h38cilpi1sk02n3939myjz1k9id41g-cargo-1.84.1"
        },
        "x86_64-darwin": {
          "outputs": [
            {
              "name": "out",
              "path": "/nix/store/hxn46kb8bnbhdkwk232cj0j888w06dzn-cargo-1.84.1",
              "default": true
            }
          ],
          "store_path": "/nix/store/hxn46kb8bnbhdkwk232cj0j888w06dzn-cargo-1.84.1"
        },
        "x86_64-linux": {
          "outputs": [
            {
              "name": "out",
              "path": "/nix/store/ac8da0sqpg4pyhzyr0qgl26d5dnpn7qp-cargo-1.84.1",
              "default": true
            }
          ],
          "store_path": "/nix/store/ac8da0sqpg4pyhzyr0qgl26d5dnpn7qp-cargo-1.84.1"
        }
      }
    },
    "clang@latest": {
      "last_modified": "2025-02-07T11:26:36Z",
      "resolved": "github:NixOS/nixpkgs/d98abf5cf5914e5e4e9d57205e3af55ca90ffc1d#clang",
      "source": "devbox-search",
      "version": "19.1.7",
      "systems": {
        "aarch64-darwin": {
          "outputs": [
            {
              "name": "out",
              "path": "/nix/store/d32x2hd64mhi6mrngr3690pf9g5lrqi3-clang-wrapper-19.1.7",
              "default": true
            }
          ],
          "store_path": "/nix/store/d32x2hd64mhi6mrngr3690pf9g5lrqi3-clang-wrapper-19.1.7"
        },
        "aarch64-linux": {
          "outputs": [
            {
              "name": "out",
              "path": "/nix/store/772rjqgwyqzwivlsxsbfaakk6pvf11ja-clang-wrapper-19.1.7",
              "default": true
            }
          ],
          "store_path": "/nix/store/772rjqgwyqzwivlsxsbfaakk6pvf11ja-clang-wrapper-19.1.7"
        },
        "x86_64-darwin": {
          "outputs": [
            {
              "name": "out",
              "path": "/nix/store/xpz4h24nbriscfjb2hmb1zfqg9fyh6sv-clang-wrapper-19.1.7",
              "default": true
            }
          ],
          "store_path": "/nix/store/xpz4h24nbriscfjb2hmb1zfqg9fyh6sv-clang-wrapper-19.1.7"
        },
        "x86_64-linux": {
          "outputs": [
            {
              "name": "out",
              "path": "/nix/store/6mh0h1xagzzsb5m8blxsx8zqxsgi1p5y-clang-wrapper-19.1.7",
              "default": true
            }
          ],
          "store_path": "/nix/store/6mh0h1xagzzsb5m8blxsx8zqxsgi1p5y-clang-wrapper-19.1.7"
        }
      }
    },
    "cmatrix@latest": {
      "last_modified": "2025-02-07T11:26:36Z",
      "resolved": "github:NixOS/nixpkgs/d98abf5cf5914e5e4e9d57205e3af55ca90ffc1d#cmatrix",
      "source": "devbox-search",
      "version": "2.0",
      "systems": {
        "aarch64-darwin": {
          "outputs": [
            {
              "name": "out",
              "path": "/nix/store/cxpqpj0f0g0j24vm561id689cgpyfncp-cmatrix-2.0",
              "default": true
            }
          ],
          "store_path": "/nix/store/cxpqpj0f0g0j24vm561id689cgpyfncp-cmatrix-2.0"
        },
        "aarch64-linux": {
          "outputs": [
            {
              "name": "out",
              "path": "/nix/store/wkgnvpzbb5rckry3c7s6yhh0q5pgcqy8-cmatrix-2.0",
              "default": true
            }
          ],
          "store_path": "/nix/store/wkgnvpzbb5rckry3c7s6yhh0q5pgcqy8-cmatrix-2.0"
        },
        "x86_64-darwin": {
          "outputs": [
            {
              "name": "out",
              "path": "/nix/store/8jp6ghyqyxgzcx150dr9j52gfixz48ak-cmatrix-2.0",
              "default": true
            }
          ],
          "store_path": "/nix/store/8jp6ghyqyxgzcx150dr9j52gfixz48ak-cmatrix-2.0"
        },
        "x86_64-linux": {
          "outputs": [
            {
              "name": "out",
              "path": "/nix/store/mfbd9qms18wa1q95xiicybmw7x58nm3c-cmatrix-2.0",
              "default": true
            }
          ],
          "store_path": "/nix/store/mfbd9qms18wa1q95xiicybmw7x58nm3c-cmatrix-2.0"
        }
      }
    },
    "curl@latest": {
      "last_modified": "2025-03-01T01:09:10Z",
      "resolved": "github:NixOS/nixpkgs/199169a2135e6b864a888e89a2ace345703c025d#curl",
      "source": "devbox-search",
      "version": "8.12.0",
      "systems": {
        "aarch64-darwin": {
          "outputs": [
            {
              "name": "bin",
              "path": "/nix/store/9myjd1zdkkax5jc3f3229j442miaq7kj-curl-8.12.0-bin",
              "default": true
            },
            {
              "name": "man",
              "path": "/nix/store/p28rf5q9r38zjmrri672y5simy393wsj-curl-8.12.0-man",
              "default": true
            },
            {
              "name": "dev",
              "path": "/nix/store/csqw5yhj3zpg03vqxlncw3c28kf8x1zs-curl-8.12.0-dev"
            },
            {
              "name": "devdoc",
              "path": "/nix/store/qwgrhvxfpipy422d60k8k5w56cmgqb9x-curl-8.12.0-devdoc"
            },
            {
              "name": "out",
              "path": "/nix/store/wb9nfblv2jnil545kphk5lvslfq1g3b8-curl-8.12.0"
            }
          ],
          "store_path": "/nix/store/9myjd1zdkkax5jc3f3229j442miaq7kj-curl-8.12.0-bin"
        },
        "aarch64-linux": {
          "outputs": [
            {
              "name": "bin",
              "path": "/nix/store/fl6kcwnyls1vqcnbb87n021dfad7n7sc-curl-8.12.0-bin",
              "default": true
            },
            {
              "name": "man",
              "path": "/nix/store/38mms36gmk6gwjanhd6kpfxh1lkjhqpa-curl-8.12.0-man",
              "default": true
            },
            {
              "name": "out",
              "path": "/nix/store/hifg644pihcpysmyhng1szck9ml5zily-curl-8.12.0"
            },
            {
              "name": "debug",
              "path": "/nix/store/w5ialygvxmmj65zrlzdj68rsc6zbxr9g-curl-8.12.0-debug"
            },
            {
              "name": "dev",
              "path": "/nix/store/hklf3asvj79ydqqdfpmax1ppcdm5ikj8-curl-8.12.0-dev"
            },
            {
              "name": "devdoc",
              "path": "/nix/store/1cjg5qd88ia6fv8nb9s1x0fppmz01dvy-curl-8.12.0-devdoc"
            }
          ],
          "store_path": "/nix/store/fl6kcwnyls1vqcnbb87n021dfad7n7sc-curl-8.12.0-bin"
        },
        "x86_64-darwin": {
          "outputs": [
            {
              "name": "bin",
              "path": "/nix/store/lj6gw1acr0669krygpccm1dphsh1mj71-curl-8.12.0-bin",
              "default": true
            },
            {
              "name": "man",
              "path": "/nix/store/vwqh8i5iv2n0g55pbkkqf77af6lydiv3-curl-8.12.0-man",
              "default": true
            },
            {
              "name": "out",
              "path": "/nix/store/0fa623i9pja3mvqd1vid5dhc4daz0r45-curl-8.12.0"
            },
            {
              "name": "dev",
              "path": "/nix/store/gczdlrihh9l93a1hwc7zsw3pydffaw9b-curl-8.12.0-dev"
            },
            {
              "name": "devdoc",
              "path": "/nix/store/pwjzxpsk1w87hfbysjb2zvvx5gkklmlh-curl-8.12.0-devdoc"
            }
          ],
          "store_path": "/nix/store/lj6gw1acr0669krygpccm1dphsh1mj71-curl-8.12.0-bin"
        },
        "x86_64-linux": {
          "outputs": [
            {
              "name": "bin",
              "path": "/nix/store/ms1vcpk06m5szgr1lyraasjimml78v6z-curl-8.12.0-bin",
              "default": true
            },
            {
              "name": "man",
              "path": "/nix/store/wx5qzp42x0fsqwyvf178yk9w4wfx2shc-curl-8.12.0-man",
              "default": true
            },
            {
              "name": "dev",
              "path": "/nix/store/qj3l9cxfj8hwib1496af23aclj52xabk-curl-8.12.0-dev"
            },
            {
              "name": "devdoc",
              "path": "/nix/store/avav4ics90xrg1fw8gi5xkir762qz1dk-curl-8.12.0-devdoc"
            },
            {
              "name": "out",
              "path": "/nix/store/simdgzgxrcqkvak7zpczr176rgbar3s5-curl-8.12.0"
            },
            {
              "name": "debug",
              "path": "/nix/store/6zy2wa0g1vjk9h7pzypg2648rzdmmsi4-curl-8.12.0-debug"
            }
          ],
          "store_path": "/nix/store/ms1vcpk06m5szgr1lyraasjimml78v6z-curl-8.12.0-bin"
        }
      }
    },
    "deno@latest": {
      "last_modified": "2025-02-26T05:29:08Z",
      "resolved": "github:NixOS/nixpkgs/3a05eebede89661660945da1f151959900903b6a#deno",
      "source": "devbox-search",
      "version": "2.2.2",
      "systems": {
        "aarch64-darwin": {
          "outputs": [
            {
              "name": "out",
              "path": "/nix/store/iv8fa6gnj592fm01rfxpklwvfz4qmcql-deno-2.2.2",
              "default": true
            }
          ],
          "store_path": "/nix/store/iv8fa6gnj592fm01rfxpklwvfz4qmcql-deno-2.2.2"
        },
        "aarch64-linux": {
          "outputs": [
            {
              "name": "out",
              "path": "/nix/store/f918qzw1khavmm75xhja9iv8gbskvizq-deno-2.2.2",
              "default": true
            }
          ],
          "store_path": "/nix/store/f918qzw1khavmm75xhja9iv8gbskvizq-deno-2.2.2"
        },
        "x86_64-darwin": {
          "outputs": [
            {
              "name": "out",
              "path": "/nix/store/6yprqa7p6dlac28h670wwpp4ds98mxp7-deno-2.2.2",
              "default": true
            }
          ],
          "store_path": "/nix/store/6yprqa7p6dlac28h670wwpp4ds98mxp7-deno-2.2.2"
        },
        "x86_64-linux": {
          "outputs": [
            {
              "name": "out",
              "path": "/nix/store/ixxpyaqcjlmpr8f0k4lzhmcjzlavfpsd-deno-2.2.2",
              "default": true
            }
          ],
          "store_path": "/nix/store/ixxpyaqcjlmpr8f0k4lzhmcjzlavfpsd-deno-2.2.2"
        }
      }
    },
    "fish@latest": {
      "last_modified": "2025-02-23T09:42:26Z",
      "resolved": "github:NixOS/nixpkgs/2d068ae5c6516b2d04562de50a58c682540de9bf#fish",
      "source": "devbox-search",
      "version": "3.7.1",
      "systems": {
        "aarch64-darwin": {
          "outputs": [
            {
              "name": "out",
              "path": "/nix/store/2hq38y4h3793c1x686z2vv4fvjmp4wc1-fish-3.7.1",
              "default": true
            },
            {
              "name": "doc",
              "path": "/nix/store/ncqv0vwr4g0zii3mxr10yagdkglklsmp-fish-3.7.1-doc"
            }
          ],
          "store_path": "/nix/store/2hq38y4h3793c1x686z2vv4fvjmp4wc1-fish-3.7.1"
        },
        "aarch64-linux": {
          "outputs": [
            {
              "name": "out",
              "path": "/nix/store/xqhzrbc0x2k0x91bd8bbrrx6c9q69zr6-fish-3.7.1",
              "default": true
            },
            {
              "name": "doc",
              "path": "/nix/store/lhqk0wjndmmj4bqvii51yg26jzmlgmr3-fish-3.7.1-doc"
            }
          ],
          "store_path": "/nix/store/xqhzrbc0x2k0x91bd8bbrrx6c9q69zr6-fish-3.7.1"
        },
        "x86_64-darwin": {
          "outputs": [
            {
              "name": "out",
              "path": "/nix/store/yl3mmih05xqvywayqax88qwvg7xhlpi9-fish-3.7.1",
              "default": true
            },
            {
              "name": "doc",
              "path": "/nix/store/6cysgym15h64i16mch7vhs40a7lxl0wp-fish-3.7.1-doc"
            }
          ],
          "store_path": "/nix/store/yl3mmih05xqvywayqax88qwvg7xhlpi9-fish-3.7.1"
        },
        "x86_64-linux": {
          "outputs": [
            {
              "name": "out",
              "path": "/nix/store/q438a030s7a7wbfhp1j9gbja4kyrdm04-fish-3.7.1",
              "default": true
            },
            {
              "name": "doc",
              "path": "/nix/store/ky3nph6h6inqhpf9f8926xkibbixs9cx-fish-3.7.1-doc"
            }
          ],
          "store_path": "/nix/store/q438a030s7a7wbfhp1j9gbja4kyrdm04-fish-3.7.1"
        }
      }
    },
    "github:NixOS/nixpkgs/nixpkgs-unstable": {
      "resolved": "github:NixOS/nixpkgs/2d9e4457f8e83120c9fdf6f1707ed0bc603e5ac9?lastModified=1741462378&narHash=sha256-ZF3YOjq%2BvTcH51S%2BqWa1oGA9FgmdJ67nTNPG2OIlXDc%3D"
    },
    "htop@latest": {
      "last_modified": "2025-02-07T11:26:36Z",
      "resolved": "github:NixOS/nixpkgs/d98abf5cf5914e5e4e9d57205e3af55ca90ffc1d#htop",
      "source": "devbox-search",
      "version": "3.3.0",
      "systems": {
        "aarch64-darwin": {
          "outputs": [
            {
              "name": "out",
              "path": "/nix/store/f4jb8hnsci48yk89cx663brxh327rl6k-htop-3.3.0",
              "default": true
            }
          ],
          "store_path": "/nix/store/f4jb8hnsci48yk89cx663brxh327rl6k-htop-3.3.0"
        },
        "aarch64-linux": {
          "outputs": [
            {
              "name": "out",
              "path": "/nix/store/im7i4b09h5d30zff03w5jzhf8zcj1daf-htop-3.3.0",
              "default": true
            }
          ],
          "store_path": "/nix/store/im7i4b09h5d30zff03w5jzhf8zcj1daf-htop-3.3.0"
        },
        "x86_64-darwin": {
          "outputs": [
            {
              "name": "out",
              "path": "/nix/store/flhgbc3l6vn2r2psdvhrmy1j268glal5-htop-3.3.0",
              "default": true
            }
          ],
          "store_path": "/nix/store/flhgbc3l6vn2r2psdvhrmy1j268glal5-htop-3.3.0"
        },
        "x86_64-linux": {
          "outputs": [
            {
              "name": "out",
              "path": "/nix/store/4q4prh0v8058vxgqwn0n72ph2ayaxjaa-htop-3.3.0",
              "default": true
            }
          ],
          "store_path": "/nix/store/4q4prh0v8058vxgqwn0n72ph2ayaxjaa-htop-3.3.0"
        }
      }
    },
    "jujutsu@latest": {
      "last_modified": "2025-02-20T02:45:56Z",
      "resolved": "github:NixOS/nixpkgs/dad564433178067be1fbdfcce23b546254b6d641#jujutsu",
      "source": "devbox-search",
      "version": "0.26.0",
      "systems": {
        "aarch64-darwin": {
          "outputs": [
            {
              "name": "out",
              "path": "/nix/store/d2bgfbgbl0yya2npgy9bhbiyjp38zcg2-jujutsu-0.26.0",
              "default": true
            }
          ],
          "store_path": "/nix/store/d2bgfbgbl0yya2npgy9bhbiyjp38zcg2-jujutsu-0.26.0"
        },
        "aarch64-linux": {
          "outputs": [
            {
              "name": "out",
              "path": "/nix/store/8k7m4ai1l42xs3gw5d7pvkzn3193bvfj-jujutsu-0.26.0",
              "default": true
            }
          ],
          "store_path": "/nix/store/8k7m4ai1l42xs3gw5d7pvkzn3193bvfj-jujutsu-0.26.0"
        },
        "x86_64-darwin": {
          "outputs": [
            {
              "name": "out",
              "path": "/nix/store/169fy5g94zhimhq0yfsg7j8rb4k29vym-jujutsu-0.26.0",
              "default": true
            }
          ],
          "store_path": "/nix/store/169fy5g94zhimhq0yfsg7j8rb4k29vym-jujutsu-0.26.0"
        },
        "x86_64-linux": {
          "outputs": [
            {
              "name": "out",
              "path": "/nix/store/1dffw9w6scvd6xizw2rvq05gw3iszkrd-jujutsu-0.26.0",
              "default": true
            }
          ],
          "store_path": "/nix/store/1dffw9w6scvd6xizw2rvq05gw3iszkrd-jujutsu-0.26.0"
        }
      }
    },
    "lld@latest": {
      "last_modified": "2025-02-17T23:19:04Z",
      "resolved": "github:NixOS/nixpkgs/f0295845e58ada369322524631821b01c0db13a7#lld",
      "source": "devbox-search",
      "version": "19.1.7",
      "systems": {
        "aarch64-darwin": {
          "outputs": [
            {
              "name": "out",
              "path": "/nix/store/scmwf3g23lkv43ayhnrqq4b4x58wq0ih-lld-19.1.7",
              "default": true
            },
            {
              "name": "lib",
              "path": "/nix/store/i1hrdplbi6caryxgzvda3mahqpvinawy-lld-19.1.7-lib"
            },
            {
              "name": "dev",
              "path": "/nix/store/h9jy3i1v663hp7ccrhwsgmkisrn0d1h5-lld-19.1.7-dev"
            }
          ],
          "store_path": "/nix/store/scmwf3g23lkv43ayhnrqq4b4x58wq0ih-lld-19.1.7"
        },
        "aarch64-linux": {
          "outputs": [
            {
              "name": "out",
              "path": "/nix/store/d5709nnj9ffk1jaxw6ch073wqlrxbwz8-lld-19.1.7",
              "default": true
            },
            {
              "name": "dev",
              "path": "/nix/store/h2jxs8vallamg5yw3bx4wlsz9mvnnac5-lld-19.1.7-dev"
            },
            {
              "name": "lib",
              "path": "/nix/store/0slqn8dsp7ssn6aqb0c8b39ahk7a5qqc-lld-19.1.7-lib"
            }
          ],
          "store_path": "/nix/store/d5709nnj9ffk1jaxw6ch073wqlrxbwz8-lld-19.1.7"
        },
        "x86_64-darwin": {
          "outputs": [
            {
              "name": "out",
              "path": "/nix/store/jzx9hzwmyca1kr31yn5nsv1n3vlzww0g-lld-19.1.7",
              "default": true
            },
            {
              "name": "dev",
              "path": "/nix/store/xxjpqfb33zxbhdair2v5111ird8pi501-lld-19.1.7-dev"
            },
            {
              "name": "lib",
              "path": "/nix/store/h68fy5jkwmpdbgsma1ws82nq5k1rp6x8-lld-19.1.7-lib"
            }
          ],
          "store_path": "/nix/store/jzx9hzwmyca1kr31yn5nsv1n3vlzww0g-lld-19.1.7"
        },
        "x86_64-linux": {
          "outputs": [
            {
              "name": "out",
              "path": "/nix/store/lpakw0c9hmc8cq2fcz5zrmyx4kb8vjhh-lld-19.1.7",
              "default": true
            },
            {
              "name": "dev",
              "path": "/nix/store/qncp5zqmgasshn9b20sa2cy1ryjr5naw-lld-19.1.7-dev"
            },
            {
              "name": "lib",
              "path": "/nix/store/irfx37x29wgbwyc925wa5ivhx8p8n0in-lld-19.1.7-lib"
            }
          ],
          "store_path": "/nix/store/lpakw0c9hmc8cq2fcz5zrmyx4kb8vjhh-lld-19.1.7"
        }
      }
    },
    "nodejs@latest": {
      "last_modified": "2025-02-28T17:02:31Z",
      "plugin_version": "0.0.2",
      "resolved": "github:NixOS/nixpkgs/5954d3359cc7178623da6c7fd23dc7f7504d7187#nodejs_23",
      "source": "devbox-search",
      "version": "23.9.0",
      "systems": {
        "aarch64-darwin": {
          "outputs": [
            {
              "name": "out",
              "path": "/nix/store/pmigpxrhv9qhnsdsj3v8znpj4ia6zwf3-nodejs-23.9.0",
              "default": true
            },
            {
              "name": "libv8",
              "path": "/nix/store/3jggmmyapw5rqygv51i5s7sh9jx94igz-nodejs-23.9.0-libv8"
            }
          ],
          "store_path": "/nix/store/pmigpxrhv9qhnsdsj3v8znpj4ia6zwf3-nodejs-23.9.0"
        },
        "aarch64-linux": {
          "outputs": [
            {
              "name": "out",
              "path": "/nix/store/aq8rqs7z0x2viccjf1l9xwzzvds1ia17-nodejs-23.9.0",
              "default": true
            },
            {
              "name": "libv8",
              "path": "/nix/store/ac0nb2z39hy72n44y7i6q81dhqxgb238-nodejs-23.9.0-libv8"
            }
          ],
          "store_path": "/nix/store/aq8rqs7z0x2viccjf1l9xwzzvds1ia17-nodejs-23.9.0"
        },
        "x86_64-darwin": {
          "outputs": [
            {
              "name": "out",
              "path": "/nix/store/r783ard7h67rabd2k64ibrc3ah1gipx1-nodejs-23.9.0",
              "default": true
            },
            {
              "name": "libv8",
              "path": "/nix/store/hf6qgw9lfskf9r54g6cfpr3x4rry8b00-nodejs-23.9.0-libv8"
            }
          ],
          "store_path": "/nix/store/r783ard7h67rabd2k64ibrc3ah1gipx1-nodejs-23.9.0"
        },
        "x86_64-linux": {
          "outputs": [
            {
              "name": "out",
              "path": "/nix/store/26sdnhgk7jw7aidxx9qr3j5yv9hyfz8v-nodejs-23.9.0",
              "default": true
            },
            {
              "name": "libv8",
              "path": "/nix/store/kp2d8m1ph83z0w8y2rzx718ykf7my8yr-nodejs-23.9.0-libv8"
            }
          ],
          "store_path": "/nix/store/26sdnhgk7jw7aidxx9qr3j5yv9hyfz8v-nodejs-23.9.0"
        }
      }
    },
    "uv@latest": {
      "last_modified": "2025-02-26T05:29:08Z",
      "resolved": "github:NixOS/nixpkgs/3a05eebede89661660945da1f151959900903b6a#uv",
      "source": "devbox-search",
      "version": "0.6.3",
      "systems": {
        "aarch64-darwin": {
          "outputs": [
            {
              "name": "out",
              "path": "/nix/store/ggkfphls3j4npq7ziviqabl33gly4ma4-uv-0.6.3",
              "default": true
            }
          ],
          "store_path": "/nix/store/ggkfphls3j4npq7ziviqabl33gly4ma4-uv-0.6.3"
        },
        "aarch64-linux": {
          "outputs": [
            {
              "name": "out",
              "path": "/nix/store/yzacw5z4mbbnhqyp49mj2q4bdahrzj27-uv-0.6.3",
              "default": true
            }
          ],
          "store_path": "/nix/store/yzacw5z4mbbnhqyp49mj2q4bdahrzj27-uv-0.6.3"
        },
        "x86_64-darwin": {
          "outputs": [
            {
              "name": "out",
              "path": "/nix/store/ppchmxl2vivavg3842gpqbsppj38jqw8-uv-0.6.3",
              "default": true
            }
          ],
          "store_path": "/nix/store/ppchmxl2vivavg3842gpqbsppj38jqw8-uv-0.6.3"
        },
        "x86_64-linux": {
          "outputs": [
            {
              "name": "out",
              "path": "/nix/store/7hd62phgfp42m1bvmm0c82vnmv3x0yl8-uv-0.6.3",
              "default": true
            }
          ],
          "store_path": "/nix/store/7hd62phgfp42m1bvmm0c82vnmv3x0yl8-uv-0.6.3"
        }
      }
    },
    "vim@latest": {
      "last_modified": "2025-02-07T11:26:36Z",
      "resolved": "github:NixOS/nixpkgs/d98abf5cf5914e5e4e9d57205e3af55ca90ffc1d#vim",
      "source": "devbox-search",
      "version": "9.1.1046",
      "systems": {
        "aarch64-darwin": {
          "outputs": [
            {
              "name": "out",
              "path": "/nix/store/rx2i32cjx1y09n3qr5939xxfqjpkrhsr-vim-9.1.1046",
              "default": true
            },
            {
              "name": "xxd",
              "path": "/nix/store/kbq8w3npsqgdipxc3ml57z67s0gn95yf-vim-9.1.1046-xxd",
              "default": true
            }
          ],
          "store_path": "/nix/store/rx2i32cjx1y09n3qr5939xxfqjpkrhsr-vim-9.1.1046"
        },
        "aarch64-linux": {
          "outputs": [
            {
              "name": "out",
              "path": "/nix/store/j67dghzznffvqvdg4q676ygw2pif1hw9-vim-9.1.1046",
              "default": true
            },
            {
              "name": "xxd",
              "path": "/nix/store/0jh6sz9n3hrx7rnb44fq3xngya14ds4j-vim-9.1.1046-xxd",
              "default": true
            }
          ],
          "store_path": "/nix/store/j67dghzznffvqvdg4q676ygw2pif1hw9-vim-9.1.1046"
        },
        "x86_64-darwin": {
          "outputs": [
            {
              "name": "out",
              "path": "/nix/store/n4rw363dm6mmi8zrcyzd8k0yhmnyw333-vim-9.1.1046",
              "default": true
            },
            {
              "name": "xxd",
              "path": "/nix/store/kr9p6d9ws269mq9mf0b7al60b687x862-vim-9.1.1046-xxd",
              "default": true
            }
          ],
          "store_path": "/nix/store/n4rw363dm6mmi8zrcyzd8k0yhmnyw333-vim-9.1.1046"
        },
        "x86_64-linux": {
          "outputs": [
            {
              "name": "out",
              "path": "/nix/store/91af2356mvkx4km3ngqi7sgfv6kimnc7-vim-9.1.1046",
              "default": true
            },
            {
              "name": "xxd",
              "path": "/nix/store/4n2k7vffrqzgm8pxa1a4vdky1hzfyl2d-vim-9.1.1046-xxd",
              "default": true
            }
          ],
          "store_path": "/nix/store/91af2356mvkx4km3ngqi7sgfv6kimnc7-vim-9.1.1046"
        }
      }
    },
    "zig@latest": {
      "last_modified": "2025-02-07T11:26:36Z",
      "resolved": "github:NixOS/nixpkgs/d98abf5cf5914e5e4e9d57205e3af55ca90ffc1d#zig",
      "source": "devbox-search",
      "version": "0.13.0",
      "systems": {
        "aarch64-darwin": {
          "outputs": [
            {
              "name": "out",
              "path": "/nix/store/glg99lxw2k27wdjdpsjfyhc6d56ysv9i-zig-0.13.0",
              "default": true
            },
            {
              "name": "doc",
              "path": "/nix/store/ysi3qpfikg8spviv36cxwxqr1axfsfc0-zig-0.13.0-doc"
            }
          ],
          "store_path": "/nix/store/glg99lxw2k27wdjdpsjfyhc6d56ysv9i-zig-0.13.0"
        },
        "aarch64-linux": {
          "outputs": [
            {
              "name": "out",
              "path": "/nix/store/gjjqjvgk8163y4cqv5wdnzis8v5dihsx-zig-0.13.0",
              "default": true
            },
            {
              "name": "doc",
              "path": "/nix/store/f9sivssppzgm4sp8kd9q5vis2vnxji9q-zig-0.13.0-doc"
            }
          ],
          "store_path": "/nix/store/gjjqjvgk8163y4cqv5wdnzis8v5dihsx-zig-0.13.0"
        },
        "x86_64-darwin": {
          "outputs": [
            {
              "name": "out",
              "path": "/nix/store/sqm476w8h8xrgx0c4rmqiaxlimv9g6bf-zig-0.13.0",
              "default": true
            },
            {
              "name": "doc",
              "path": "/nix/store/402jx4km137kcrdbv4i8ncjhl75dgb99-zig-0.13.0-doc"
            }
          ],
          "store_path": "/nix/store/sqm476w8h8xrgx0c4rmqiaxlimv9g6bf-zig-0.13.0"
        },
        "x86_64-linux": {
          "outputs": [
            {
              "name": "out",
              "path": "/nix/store/1l5gb4773rbqjzv49wb4h9xlmaz2zs5h-zig-0.13.0",
              "default": true
            },
            {
              "name": "doc",
              "path": "/nix/store/577rag5c5za5hmmhaynnl8mlpkdsi1x3-zig-0.13.0-doc"
            }
          ],
          "store_path": "/nix/store/1l5gb4773rbqjzv49wb4h9xlmaz2zs5h-zig-0.13.0"
        }
      }
    }
  }
}
