{
  "version": "4",
  "specifiers": {
    "jsr:@deno/deployctl@^1.13.1": "1.13.1",
    "jsr:@denosaurs/tty@0.2.1": "0.2.1",
    "jsr:@denosaurs/tty@~0.2.1": "0.2.1",
    "jsr:@denosaurs/wait@0.2.2": "0.2.2",
    "jsr:@std/assert@0.217": "0.217.0",
    "jsr:@std/async@0.217": "0.217.0",
    "jsr:@std/dotenv@0.217": "0.217.0",
    "jsr:@std/encoding@0.217": "0.217.0",
    "jsr:@std/flags@0.217": "0.217.0",
    "jsr:@std/fmt@0.217": "0.217.0",
    "jsr:@std/fmt@1": "1.0.6",
    "jsr:@std/json@0.217": "0.217.0",
    "jsr:@std/jsonc@0.217": "0.217.0",
    "jsr:@std/path@0.217": "0.217.0",
    "jsr:@std/semver@0.217": "0.217.0",
    "jsr:@std/streams@0.217": "0.217.0",
    "npm:@libsql/client@~0.15.2": "0.15.2",
    "npm:drizzle-orm@0.41": "0.41.0_@libsql+client@0.15.2",
    "npm:keychain@1.5.0": "1.5.0"
  },
  "jsr": {
    "@deno/deployctl@1.13.1": {
      "integrity": "84245138a17546f184aebcc2dd49061b3437b8819be54195ab144e7b4e86be2a",
      "dependencies": [
        "jsr:@denosaurs/tty@0.2.1",
        "jsr:@denosaurs/wait",
        "jsr:@std/async",
        "jsr:@std/dotenv",
        "jsr:@std/encoding",
        "jsr:@std/flags",
        "jsr:@std/fmt@0.217",
        "jsr:@std/jsonc",
        "jsr:@std/path",
        "jsr:@std/semver",
        "jsr:@std/streams",
        "npm:keychain"
      ]
    },
    "@denosaurs/tty@0.2.1": {
      "integrity": "f1fc651cc9021c90bf230a45c6eb893c26a54fae6a855e9cd26aad0083d772dd"
    },
    "@denosaurs/wait@0.2.2": {
      "integrity": "5ec0a7e72c57a96c9fdb2f4a52e2ce3b1ad010acc59fefe6f88054a9e27bc33d",
      "dependencies": [
        "jsr:@denosaurs/tty@~0.2.1",
        "jsr:@std/fmt@1"
      ]
    },
    "@std/assert@0.217.0": {
      "integrity": "c98e279362ca6982d5285c3b89517b757c1e3477ee9f14eb2fdf80a45aaa9642"
    },
    "@std/async@0.217.0": {
      "integrity": "14dac94f59595e39e519de379c47170d8bbedea253824c4b167108aa943ddb69"
    },
    "@std/dotenv@0.217.0": {
      "integrity": "e65cbbf669f482c320b2f94d0a2fc536f1fcd06afdcfa4fde358129a18d1d428"
    },
    "@std/encoding@0.217.0": {
      "integrity": "b03e8ff94c98d6b6a02c02c5cf8e5d203400155516248964fc4559abc04669dc"
    },
    "@std/flags@0.217.0": {
      "integrity": "2d67502692d76cfe37fba1c4a92d0a5fe0a6f9601900fd7c510936b0e4e0242e",
      "dependencies": [
        "jsr:@std/assert"
      ]
    },
    "@std/fmt@0.217.0": {
      "integrity": "cb99f82500b8da20202fedfa8bb94dd0222e81f0494ed9087de20ee3d8a39a8d"
    },
    "@std/fmt@1.0.6": {
      "integrity": "a2c56a69a2369876ddb3ad6a500bb6501b5bad47bb3ea16bfb0c18974d2661fc"
    },
    "@std/json@0.217.0": {
      "integrity": "173f1156d23d11095b6ff7df6266c80e8f83afcd9a6af1731ec301f485806986"
    },
    "@std/jsonc@0.217.0": {
      "integrity": "125c47f36ef8160e1b4fd5bff096e8f0ea3f49bea197de5b182eb130bb8a527c",
      "dependencies": [
        "jsr:@std/assert",
        "jsr:@std/json"
      ]
    },
    "@std/path@0.217.0": {
      "integrity": "1217cc25534bca9a2f672d7fe7c6f356e4027df400c0e85c0ef3e4343bc67d11",
      "dependencies": [
        "jsr:@std/assert"
      ]
    },
    "@std/semver@0.217.0": {
      "integrity": "c1ba42cdcaacf610f1a62ec2256ab29765a73fede65120214c3acb9c85ed3d35"
    },
    "@std/streams@0.217.0": {
      "integrity": "b4a6de703d6aa59c4777f89fc002e82b8401dada44d1e6f7e916664c1e6cfd36"
    }
  },
  "npm": {
    "@libsql/client@0.15.2": {
      "integrity": "sha512-D0No4jqDj5I+buvEyFajBugohzJXCBt9aRHCEXGrJS/9obnAO2z18Os3xgyPsWX0Yw4NQfSYaayRdowqkssmXA==",
      "dependencies": [
        "@libsql/core",
        "@libsql/hrana-client",
        "js-base64",
        "libsql",
        "promise-limit"
      ]
    },
    "@libsql/core@0.15.2": {
      "integrity": "sha512-+UIN0OlzWa54MqnHbtaJ3FEJj6k2VrwrjX1sSSxzYlM+dWuadjMwOVp7gHpSYJGKWw0RQWLGge4fbW4TCvIm3A==",
      "dependencies": [
        "js-base64"
      ]
    },
    "@libsql/darwin-arm64@0.5.4": {
      "integrity": "sha512-4PnRdklaQg27vAZxtQgKl+xBHimCH2KRgKId+h63gkAtz5yFTMmX+Q4Ez804T1BgrZuB5ujIvueEEuust2ceSQ=="
    },
    "@libsql/darwin-x64@0.5.4": {
      "integrity": "sha512-r+Z3UXQWxluXKA5cPj5KciNsmSXVTnq9/tmDczngJrogyXwdbbSShYkzov5M+YBlUCKv2VCbNnfxxoIqQnV9Gg=="
    },
    "@libsql/hrana-client@0.7.0": {
      "integrity": "sha512-OF8fFQSkbL7vJY9rfuegK1R7sPgQ6kFMkDamiEccNUvieQ+3urzfDFI616oPl8V7T9zRmnTkSjMOImYCAVRVuw==",
      "dependencies": [
        "@libsql/isomorphic-fetch",
        "@libsql/isomorphic-ws",
        "js-base64",
        "node-fetch"
      ]
    },
    "@libsql/isomorphic-fetch@0.3.1": {
      "integrity": "sha512-6kK3SUK5Uu56zPq/Las620n5aS9xJq+jMBcNSOmjhNf/MUvdyji4vrMTqD7ptY7/4/CAVEAYDeotUz60LNQHtw=="
    },
    "@libsql/isomorphic-ws@0.1.5": {
      "integrity": "sha512-DtLWIH29onUYR00i0GlQ3UdcTRC6EP4u9w/h9LxpUZJWRMARk6dQwZ6Jkd+QdwVpuAOrdxt18v0K2uIYR3fwFg==",
      "dependencies": [
        "@types/ws",
        "ws"
      ]
    },
    "@libsql/linux-arm64-gnu@0.5.4": {
      "integrity": "sha512-QmGXa3TGM6URe7vCOqdvr4Koay+4h5D6y4gdhnPCvXNYrRHgpq5OwEafP9GFalbO32Y1ppLY4enO2LwY0k63Qw=="
    },
    "@libsql/linux-arm64-musl@0.5.4": {
      "integrity": "sha512-cx4/7/xUjgNbiRsghRHujSvIqaTNFQC7Oo1gkGXGsh8hBwkdXr1QdOpeitq745sl6OlbInRrW2C7B2juxX3hcQ=="
    },
    "@libsql/linux-x64-gnu@0.5.4": {
      "integrity": "sha512-oPrE9Zyqd7fElS9uCGW2jn55cautD+gDIflfyF5+W/QYzll5OJ2vyMBZOBgdNopuZHrmHYihbespJn3t0WJDJg=="
    },
    "@libsql/linux-x64-musl@0.5.4": {
      "integrity": "sha512-XzyVdVe43MexkAaHzUvsi4tpPhfSDn3UndIYFrIu0lYkkiz4oKjTK7Iq96j2bcOeJv0pBGxiv+8Z9I6yp/aI2A=="
    },
    "@libsql/win32-x64-msvc@0.5.4": {
      "integrity": "sha512-xWQyAQEsX+odBrMSXTpm3WOFeoJIX7QncCkaZcsaqdEFueOdNDIdcKAQKMoNlwtj1rCxE72RK4byw/Bflf6Jgg=="
    },
    "@neon-rs/load@0.0.4": {
      "integrity": "sha512-kTPhdZyTQxB+2wpiRcFWrDcejc4JI6tkPuS7UZCG4l6Zvc5kU/gGQ/ozvHTh1XR5tS+UlfAfGuPajjzQjCiHCw=="
    },
    "@types/node@22.12.0": {
      "integrity": "sha512-Fll2FZ1riMjNmlmJOdAyY5pUbkftXslB5DgEzlIuNaiWhXd00FhWxVC/r4yV/4wBb9JfImTu+jiSvXTkJ7F/gA==",
      "dependencies": [
        "undici-types"
      ]
    },
    "@types/ws@8.18.1": {
      "integrity": "sha512-ThVF6DCVhA8kUGy+aazFQ4kXQ7E1Ty7A3ypFOe0IcJV8O/M511G99AW24irKrW56Wt44yG9+ij8FaqoBGkuBXg==",
      "dependencies": [
        "@types/node"
      ]
    },
    "data-uri-to-buffer@4.0.1": {
      "integrity": "sha512-0R9ikRb668HB7QDxT1vkpuUBtqc53YyAwMwGeUFKRojY/NWKvdZ+9UYtRfGmhqNbRkTSVpMbmyhXipFFv2cb/A=="
    },
    "detect-libc@2.0.2": {
      "integrity": "sha512-UX6sGumvvqSaXgdKGUsgZWqcUyIXZ/vZTrlRT/iobiKhGL0zL4d3osHj3uqllWJK+i+sixDS/3COVEOFbupFyw=="
    },
    "drizzle-orm@0.41.0_@libsql+client@0.15.2": {
      "integrity": "sha512-7A4ZxhHk9gdlXmTdPj/lREtP+3u8KvZ4yEN6MYVxBzZGex5Wtdc+CWSbu7btgF6TB0N+MNPrvW7RKBbxJchs/Q==",
      "dependencies": [
        "@libsql/client"
      ]
    },
    "fdir@6.4.3": {
      "integrity": "sha512-PMXmW2y1hDDfTSRc9gaXIuCCRpuoz3Kaz8cUelp3smouvfT632ozg2vrT6lJsHKKOF59YLbOGfAWGUcKEfRMQw=="
    },
    "fetch-blob@3.2.0": {
      "integrity": "sha512-7yAQpD2UMJzLi1Dqv7qFYnPbaPx7ZfFK6PiIxQ4PfkGPyNyl2Ugx+a/umUonmKqjhM4DnfbMvdX6otXq83soQQ==",
      "dependencies": [
        "node-domexception",
        "web-streams-polyfill"
      ]
    },
    "formdata-polyfill@4.0.10": {
      "integrity": "sha512-buewHzMvYL29jdeQTVILecSaZKnt/RJWjoZCF5OW60Z67/GmSLBkOFM7qh1PI3zFNtJbaZL5eQu1vLfazOwj4g==",
      "dependencies": [
        "fetch-blob"
      ]
    },
    "js-base64@3.7.7": {
      "integrity": "sha512-7rCnleh0z2CkXhH67J8K1Ytz0b2Y+yxTPL+/KOJoa20hfnVQ/3/T6W/KflYI4bRHRagNeXeU2bkNGI3v1oS/lw=="
    },
    "keychain@1.5.0": {
      "integrity": "sha512-liyp4r+93RI7EB2jhwaRd4MWfdgHH6shuldkaPMkELCJjMFvOOVXuTvw1pGqFfhsrgA6OqfykWWPQgBjQakVag=="
    },
    "libsql@0.5.4": {
      "integrity": "sha512-GEFeWca4SDAQFxjHWJBE6GK52LEtSskiujbG3rqmmeTO9t4sfSBKIURNLLpKDDF7fb7jmTuuRkDAn9BZGITQNw==",
      "dependencies": [
        "@libsql/darwin-arm64",
        "@libsql/darwin-x64",
        "@libsql/linux-arm64-gnu",
        "@libsql/linux-arm64-musl",
        "@libsql/linux-x64-gnu",
        "@libsql/linux-x64-musl",
        "@libsql/win32-x64-msvc",
        "@neon-rs/load",
        "detect-libc"
      ]
    },
    "node-domexception@1.0.0": {
      "integrity": "sha512-/jKZoMpw0F8GRwl4/eLROPA3cfcXtLApP0QzLmUT/HuPCZWyB7IY9ZrMeKw2O/nFIqPQB3PVM9aYm0F312AXDQ=="
    },
    "node-fetch@3.3.2": {
      "integrity": "sha512-dRB78srN/l6gqWulah9SrxeYnxeddIG30+GOqK/9OlLVyLg3HPnr6SqOWTWOXKRwC2eGYCkZ59NNuSgvSrpgOA==",
      "dependencies": [
        "data-uri-to-buffer",
        "fetch-blob",
        "formdata-polyfill"
      ]
    },
    "promise-limit@2.7.0": {
      "integrity": "sha512-7nJ6v5lnJsXwGprnGXga4wx6d1POjvi5Qmf1ivTRxTjH4Z/9Czja/UCMLVmB9N93GeWOU93XaFaEt6jbuoagNw=="
    },
    "undici-types@6.20.0": {
      "integrity": "sha512-Ny6QZ2Nju20vw1SRHe3d9jVu6gJ+4e3+MMpqu7pqE5HT6WsTSlce++GQmK5UXS8mzV8DSYHrQH+Xrf2jVcuKNg=="
    },
    "web-streams-polyfill@3.3.3": {
      "integrity": "sha512-d2JWLCivmZYTSIoge9MsgFCZrt571BikcWGYkjC1khllbTeDlGqZ2D8vD8E/lJa8WGWbb7Plm8/XJYV7IJHZZw=="
    },
    "ws@8.18.1": {
      "integrity": "sha512-RKW2aJZMXeMxVpnZ6bck+RswznaxmzdULiBr6KY7XkTnW8uvt0iT9H5DkHUChXrc+uurzwa0rVI16n/Xzjdz1w=="
    }
  },
  "workspace": {
    "dependencies": [
      "jsr:@deno/deployctl@^1.13.1",
      "npm:drizzle-orm@0.41"
    ]
  }
}
